
Microsoft Visual Studio Solution File, Format Version 12.00
# Visual Studio Version 17
VisualStudioVersion = 17.0.32014.148
MinimumVisualStudioVersion = 10.0.40219.1
Project("{FAE04EC0-301F-11D3-BF4B-00C04F79EFBC}") = "McShippersWebsite", "McShippersWebsite.csproj", "{6E875EEA-6F43-4F96-BE5D-4D52D628FD22}"
EndProject
Global
	GlobalSection(SolutionConfigurationPlatforms) = preSolution
		Debug|Any CPU = Debug|Any CPU
		Release|Any CPU = Release|Any CPU
	EndGlobalSection
	GlobalSection(ProjectConfigurationPlatforms) = postSolution
		{6E875EEA-6F43-4F96-BE5D-4D52D628FD22}.Debug|Any CPU.ActiveCfg = Debug|Any CPU
		{6E875EEA-6F43-4F96-BE5D-4D52D628FD22}.Debug|Any CPU.Build.0 = Debug|Any CPU
		{6E875EEA-6F43-4F96-BE5D-4D52D628FD22}.Release|Any CPU.ActiveCfg = Release|Any CPU
		{6E875EEA-6F43-4F96-BE5D-4D52D628FD22}.Release|Any CPU.Build.0 = Release|Any CPU
	EndGlobalSection
	GlobalSection(SolutionProperties) = preSolution
		HideSolutionNode = FALSE
	EndGlobalSection
	GlobalSection(ExtensibilityGlobals) = postSolution
		SolutionGuid = {7E492FC5-FC6E-4FE2-829B-49972FD16D6C}
	EndGlobalSection
EndGlobal
